// !$*UTF8*$!
{
	archiveVersion = 1;
	classes = {
	};
	objectVersion = 46;
	objects = {

/* Begin PBXBuildFile section */
		932924781A7CEA370082E087 /* main.m in Sources */ = {isa = PBXBuildFile; fileRef = 932924771A7CEA370082E087 /* main.m */; };
		9329247B1A7CEA370082E087 /* AppDelegate.m in Sources */ = {isa = PBXBuildFile; fileRef = 9329247A1A7CEA370082E087 /* AppDelegate.m */; };
		9329247E1A7CEA370082E087 /* ViewController.m in Sources */ = {isa = PBXBuildFile; fileRef = 9329247D1A7CEA370082E087 /* ViewController.m */; };
		932924831A7CEA370082E087 /* Images.xcassets in Resources */ = {isa = PBXBuildFile; fileRef = 932924821A7CEA370082E087 /* Images.xcassets */; };
		932924861A7CEA370082E087 /* LaunchScreen.xib in Resources */ = {isa = PBXBuildFile; fileRef = 932924841A7CEA370082E087 /* LaunchScreen.xib */; };
		932924921A7CEA370082E087 /* FendOffTests.m in Sources */ = {isa = PBXBuildFile; fileRef = 932924911A7CEA370082E087 /* FendOffTests.m */; };
		932924A21A7CEA730082E087 /* Rand1.m in Sources */ = {isa = PBXBuildFile; fileRef = 9329249D1A7CEA730082E087 /* Rand1.m */; };
		932924A31A7CEA730082E087 /* Rand2.m in Sources */ = {isa = PBXBuildFile; fileRef = 9329249F1A7CEA730082E087 /* Rand2.m */; };
		932924A41A7CEA730082E087 /* Vsem1.m in Sources */ = {isa = PBXBuildFile; fileRef = 932924A11A7CEA730082E087 /* Vsem1.m */; };
		932924DC1A7E158E0082E087 /* Main.storyboard in Resources */ = {isa = PBXBuildFile; fileRef = 932924DA1A7E158E0082E087 /* Main.storyboard */; };
		936590E11A95FED100AFBB12 /* EntryController.m in Sources */ = {isa = PBXBuildFile; fileRef = 936590E01A95FED100AFBB12 /* EntryController.m */; };
		936590E61A95FF4A00AFBB12 /* CategoryEntry.m in Sources */ = {isa = PBXBuildFile; fileRef = 936590E51A95FF4A00AFBB12 /* CategoryEntry.m */; };
		936590EE1A98C30B00AFBB12 /* SVIndefiniteAnimatedView.m in Sources */ = {isa = PBXBuildFile; fileRef = 936590E91A98C30B00AFBB12 /* SVIndefiniteAnimatedView.m */; };
		936590EF1A98C30B00AFBB12 /* SVProgressHUD.bundle in Resources */ = {isa = PBXBuildFile; fileRef = 936590EB1A98C30B00AFBB12 /* SVProgressHUD.bundle */; };
		936590F01A98C30B00AFBB12 /* SVProgressHUD.m in Sources */ = {isa = PBXBuildFile; fileRef = 936590ED1A98C30B00AFBB12 /* SVProgressHUD.m */; };
		936A46C51A95E0C40009D225 /* SettingsController.m in Sources */ = {isa = PBXBuildFile; fileRef = 936A46C41A95E0C40009D225 /* SettingsController.m */; };
		937F63B21A87644400EA238D /* VaultController.m in Sources */ = {isa = PBXBuildFile; fileRef = 937F63B11A87644400EA238D /* VaultController.m */; };
		937F63B51A87646500EA238D /* OpenVaultController.m in Sources */ = {isa = PBXBuildFile; fileRef = 937F63B41A87646500EA238D /* OpenVaultController.m */; };
		937F63B81A8776BB00EA238D /* VaultCategory.m in Sources */ = {isa = PBXBuildFile; fileRef = 937F63B71A8776BB00EA238D /* VaultCategory.m */; };
		937F63BB1A8FAD9900EA238D /* EncryptedEntry.m in Sources */ = {isa = PBXBuildFile; fileRef = 937F63BA1A8FAD9900EA238D /* EncryptedEntry.m */; };
		93FAFE461A84E448002547D8 /* DecryptController.m in Sources */ = {isa = PBXBuildFile; fileRef = 93FAFE451A84E448002547D8 /* DecryptController.m */; };
		93FAFE491A84E9E8002547D8 /* PhotoController.m in Sources */ = {isa = PBXBuildFile; fileRef = 93FAFE481A84E9E8002547D8 /* PhotoController.m */; };
		93FBA0E11A836F8200172105 /* EncryptController.m in Sources */ = {isa = PBXBuildFile; fileRef = 93FBA0E01A836F8200172105 /* EncryptController.m */; };
/* End PBXBuildFile section */

/* Begin PBXContainerItemProxy section */
		9329248C1A7CEA370082E087 /* PBXContainerItemProxy */ = {
			isa = PBXContainerItemProxy;
			containerPortal = 9329246A1A7CEA370082E087 /* Project object */;
			proxyType = 1;
			remoteGlobalIDString = 932924711A7CEA370082E087;
			remoteInfo = FendOff;
		};
/* End PBXContainerItemProxy section */

/* Begin PBXFileReference section */
		932924721A7CEA370082E087 /* FendOff.app */ = {isa = PBXFileReference; explicitFileType = wrapper.application; includeInIndex = 0; path = FendOff.app; sourceTree = BUILT_PRODUCTS_DIR; };
		932924761A7CEA370082E087 /* Info.plist */ = {isa = PBXFileReference; lastKnownFileType = text.plist.xml; path = Info.plist; sourceTree = "<group>"; };
		932924771A7CEA370082E087 /* main.m */ = {isa = PBXFileReference; lastKnownFileType = sourcecode.c.objc; path = main.m; sourceTree = "<group>"; };
		932924791A7CEA370082E087 /* AppDelegate.h */ = {isa = PBXFileReference; lastKnownFileType = sourcecode.c.h; path = AppDelegate.h; sourceTree = "<group>"; };
		9329247A1A7CEA370082E087 /* AppDelegate.m */ = {isa = PBXFileReference; lastKnownFileType = sourcecode.c.objc; path = AppDelegate.m; sourceTree = "<group>"; };
		9329247C1A7CEA370082E087 /* ViewController.h */ = {isa = PBXFileReference; lastKnownFileType = sourcecode.c.h; path = ViewController.h; sourceTree = "<group>"; };
		9329247D1A7CEA370082E087 /* ViewController.m */ = {isa = PBXFileReference; lastKnownFileType = sourcecode.c.objc; path = ViewController.m; sourceTree = "<group>"; };
		932924821A7CEA370082E087 /* Images.xcassets */ = {isa = PBXFileReference; lastKnownFileType = folder.assetcatalog; path = Images.xcassets; sourceTree = "<group>"; };
		932924851A7CEA370082E087 /* Base */ = {isa = PBXFileReference; lastKnownFileType = file.xib; name = Base; path = Base.lproj/LaunchScreen.xib; sourceTree = "<group>"; };
		9329248B1A7CEA370082E087 /* FendOffTests.xctest */ = {isa = PBXFileReference; explicitFileType = wrapper.cfbundle; includeInIndex = 0; path = FendOffTests.xctest; sourceTree = BUILT_PRODUCTS_DIR; };
		932924901A7CEA370082E087 /* Info.plist */ = {isa = PBXFileReference; lastKnownFileType = text.plist.xml; path = Info.plist; sourceTree = "<group>"; };
		932924911A7CEA370082E087 /* FendOffTests.m */ = {isa = PBXFileReference; lastKnownFileType = sourcecode.c.objc; path = FendOffTests.m; sourceTree = "<group>"; };
		9329249C1A7CEA730082E087 /* Rand1.h */ = {isa = PBXFileReference; fileEncoding = 4; lastKnownFileType = sourcecode.c.h; path = Rand1.h; sourceTree = "<group>"; };
		9329249D1A7CEA730082E087 /* Rand1.m */ = {isa = PBXFileReference; fileEncoding = 4; lastKnownFileType = sourcecode.c.objc; path = Rand1.m; sourceTree = "<group>"; };
		9329249E1A7CEA730082E087 /* Rand2.h */ = {isa = PBXFileReference; fileEncoding = 4; lastKnownFileType = sourcecode.c.h; path = Rand2.h; sourceTree = "<group>"; };
		9329249F1A7CEA730082E087 /* Rand2.m */ = {isa = PBXFileReference; fileEncoding = 4; lastKnownFileType = sourcecode.c.objc; path = Rand2.m; sourceTree = "<group>"; };
		932924A01A7CEA730082E087 /* Vsem1.h */ = {isa = PBXFileReference; fileEncoding = 4; lastKnownFileType = sourcecode.c.h; path = Vsem1.h; sourceTree = "<group>"; };
		932924A11A7CEA730082E087 /* Vsem1.m */ = {isa = PBXFileReference; fileEncoding = 4; lastKnownFileType = sourcecode.c.objc; path = Vsem1.m; sourceTree = "<group>"; };
		932924DB1A7E158E0082E087 /* Base */ = {isa = PBXFileReference; lastKnownFileType = file.storyboard; name = Base; path = Base.lproj/Main.storyboard; sourceTree = "<group>"; };
		936590DF1A95FED100AFBB12 /* EntryController.h */ = {isa = PBXFileReference; fileEncoding = 4; lastKnownFileType = sourcecode.c.h; path = EntryController.h; sourceTree = "<group>"; };
		936590E01A95FED100AFBB12 /* EntryController.m */ = {isa = PBXFileReference; fileEncoding = 4; lastKnownFileType = sourcecode.c.objc; path = EntryController.m; sourceTree = "<group>"; };
		936590E41A95FF4A00AFBB12 /* CategoryEntry.h */ = {isa = PBXFileReference; fileEncoding = 4; lastKnownFileType = sourcecode.c.h; path = CategoryEntry.h; sourceTree = "<group>"; };
		936590E51A95FF4A00AFBB12 /* CategoryEntry.m */ = {isa = PBXFileReference; fileEncoding = 4; lastKnownFileType = sourcecode.c.objc; path = CategoryEntry.m; sourceTree = "<group>"; };
		936590E81A98C30B00AFBB12 /* SVIndefiniteAnimatedView.h */ = {isa = PBXFileReference; fileEncoding = 4; lastKnownFileType = sourcecode.c.h; path = SVIndefiniteAnimatedView.h; sourceTree = "<group>"; };
		936590E91A98C30B00AFBB12 /* SVIndefiniteAnimatedView.m */ = {isa = PBXFileReference; fileEncoding = 4; lastKnownFileType = sourcecode.c.objc; path = SVIndefiniteAnimatedView.m; sourceTree = "<group>"; };
		936590EA1A98C30B00AFBB12 /* SVProgressHUD-Prefix.pch */ = {isa = PBXFileReference; fileEncoding = 4; lastKnownFileType = sourcecode.c.h; path = "SVProgressHUD-Prefix.pch"; sourceTree = "<group>"; };
		936590EB1A98C30B00AFBB12 /* SVProgressHUD.bundle */ = {isa = PBXFileReference; lastKnownFileType = "wrapper.plug-in"; path = SVProgressHUD.bundle; sourceTree = "<group>"; };
		936590EC1A98C30B00AFBB12 /* SVProgressHUD.h */ = {isa = PBXFileReference; fileEncoding = 4; lastKnownFileType = sourcecode.c.h; path = SVProgressHUD.h; sourceTree = "<group>"; };
		936590ED1A98C30B00AFBB12 /* SVProgressHUD.m */ = {isa = PBXFileReference; fileEncoding = 4; lastKnownFileType = sourcecode.c.objc; path = SVProgressHUD.m; sourceTree = "<group>"; };
		936A46C31A95E0C40009D225 /* SettingsController.h */ = {isa = PBXFileReference; fileEncoding = 4; lastKnownFileType = sourcecode.c.h; path = SettingsController.h; sourceTree = "<group>"; };
		936A46C41A95E0C40009D225 /* SettingsController.m */ = {isa = PBXFileReference; fileEncoding = 4; lastKnownFileType = sourcecode.c.objc; path = SettingsController.m; sourceTree = "<group>"; };
		937F63B01A87644400EA238D /* VaultController.h */ = {isa = PBXFileReference; fileEncoding = 4; lastKnownFileType = sourcecode.c.h; path = VaultController.h; sourceTree = "<group>"; };
		937F63B11A87644400EA238D /* VaultController.m */ = {isa = PBXFileReference; fileEncoding = 4; lastKnownFileType = sourcecode.c.objc; path = VaultController.m; sourceTree = "<group>"; };
		937F63B31A87646500EA238D /* OpenVaultController.h */ = {isa = PBXFileReference; fileEncoding = 4; lastKnownFileType = sourcecode.c.h; path = OpenVaultController.h; sourceTree = "<group>"; };
		937F63B41A87646500EA238D /* OpenVaultController.m */ = {isa = PBXFileReference; fileEncoding = 4; lastKnownFileType = sourcecode.c.objc; path = OpenVaultController.m; sourceTree = "<group>"; };
		937F63B61A8776BB00EA238D /* VaultCategory.h */ = {isa = PBXFileReference; fileEncoding = 4; lastKnownFileType = sourcecode.c.h; path = VaultCategory.h; sourceTree = "<group>"; };
		937F63B71A8776BB00EA238D /* VaultCategory.m */ = {isa = PBXFileReference; fileEncoding = 4; lastKnownFileType = sourcecode.c.objc; path = VaultCategory.m; sourceTree = "<group>"; };
		937F63B91A8FAD9900EA238D /* EncryptedEntry.h */ = {isa = PBXFileReference; fileEncoding = 4; lastKnownFileType = sourcecode.c.h; path = EncryptedEntry.h; sourceTree = "<group>"; };
		937F63BA1A8FAD9900EA238D /* EncryptedEntry.m */ = {isa = PBXFileReference; fileEncoding = 4; lastKnownFileType = sourcecode.c.objc; path = EncryptedEntry.m; sourceTree = "<group>"; };
		93FAFE441A84E448002547D8 /* DecryptController.h */ = {isa = PBXFileReference; fileEncoding = 4; lastKnownFileType = sourcecode.c.h; path = DecryptController.h; sourceTree = "<group>"; };
		93FAFE451A84E448002547D8 /* DecryptController.m */ = {isa = PBXFileReference; fileEncoding = 4; lastKnownFileType = sourcecode.c.objc; path = DecryptController.m; sourceTree = "<group>"; };
		93FAFE471A84E9E8002547D8 /* PhotoController.h */ = {isa = PBXFileReference; fileEncoding = 4; lastKnownFileType = sourcecode.c.h; path = PhotoController.h; sourceTree = "<group>"; };
		93FAFE481A84E9E8002547D8 /* PhotoController.m */ = {isa = PBXFileReference; fileEncoding = 4; lastKnownFileType = sourcecode.c.objc; path = PhotoController.m; sourceTree = "<group>"; };
		93FBA0DF1A836F8200172105 /* EncryptController.h */ = {isa = PBXFileReference; fileEncoding = 4; lastKnownFileType = sourcecode.c.h; path = EncryptController.h; sourceTree = "<group>"; };
		93FBA0E01A836F8200172105 /* EncryptController.m */ = {isa = PBXFileReference; fileEncoding = 4; lastKnownFileType = sourcecode.c.objc; path = EncryptController.m; sourceTree = "<group>"; };
/* End PBXFileReference section */

/* Begin PBXFrameworksBuildPhase section */
		9329246F1A7CEA370082E087 /* Frameworks */ = {
			isa = PBXFrameworksBuildPhase;
			buildActionMask = 2147483647;
			files = (
			);
			runOnlyForDeploymentPostprocessing = 0;
		};
		932924881A7CEA370082E087 /* Frameworks */ = {
			isa = PBXFrameworksBuildPhase;
			buildActionMask = 2147483647;
			files = (
			);
			runOnlyForDeploymentPostprocessing = 0;
		};
/* End PBXFrameworksBuildPhase section */

/* Begin PBXGroup section */
		932924691A7CEA370082E087 = {
			isa = PBXGroup;
			children = (
				932924741A7CEA370082E087 /* FendOff */,
				9329248E1A7CEA370082E087 /* FendOffTests */,
				932924731A7CEA370082E087 /* Products */,
			);
			sourceTree = "<group>";
		};
		932924731A7CEA370082E087 /* Products */ = {
			isa = PBXGroup;
			children = (
				932924721A7CEA370082E087 /* FendOff.app */,
				9329248B1A7CEA370082E087 /* FendOffTests.xctest */,
			);
			name = Products;
			sourceTree = "<group>";
		};
		932924741A7CEA370082E087 /* FendOff */ = {
			isa = PBXGroup;
			children = (
				936590E71A98C30B00AFBB12 /* SVProgressHUD */,
				9329249B1A7CEA530082E087 /* VSEM */,
				932924791A7CEA370082E087 /* AppDelegate.h */,
				9329247A1A7CEA370082E087 /* AppDelegate.m */,
				9329247C1A7CEA370082E087 /* ViewController.h */,
				9329247D1A7CEA370082E087 /* ViewController.m */,
				932924DA1A7E158E0082E087 /* Main.storyboard */,
				932924821A7CEA370082E087 /* Images.xcassets */,
				932924841A7CEA370082E087 /* LaunchScreen.xib */,
				932924751A7CEA370082E087 /* Supporting Files */,
				93FBA0DF1A836F8200172105 /* EncryptController.h */,
				93FBA0E01A836F8200172105 /* EncryptController.m */,
				93FAFE441A84E448002547D8 /* DecryptController.h */,
				93FAFE451A84E448002547D8 /* DecryptController.m */,
				93FAFE471A84E9E8002547D8 /* PhotoController.h */,
				93FAFE481A84E9E8002547D8 /* PhotoController.m */,
				937F63B01A87644400EA238D /* VaultController.h */,
				937F63B11A87644400EA238D /* VaultController.m */,
				937F63B31A87646500EA238D /* OpenVaultController.h */,
				937F63B41A87646500EA238D /* OpenVaultController.m */,
				937F63B61A8776BB00EA238D /* VaultCategory.h */,
				937F63B71A8776BB00EA238D /* VaultCategory.m */,
				937F63B91A8FAD9900EA238D /* EncryptedEntry.h */,
				937F63BA1A8FAD9900EA238D /* EncryptedEntry.m */,
				936A46C31A95E0C40009D225 /* SettingsController.h */,
				936A46C41A95E0C40009D225 /* SettingsController.m */,
				936590DF1A95FED100AFBB12 /* EntryController.h */,
				936590E01A95FED100AFBB12 /* EntryController.m */,
				936590E41A95FF4A00AFBB12 /* CategoryEntry.h */,
				936590E51A95FF4A00AFBB12 /* CategoryEntry.m */,
			);
			path = FendOff;
			sourceTree = "<group>";
		};
		932924751A7CEA370082E087 /* Supporting Files */ = {
			isa = PBXGroup;
			children = (
				932924761A7CEA370082E087 /* Info.plist */,
				932924771A7CEA370082E087 /* main.m */,
			);
			name = "Supporting Files";
			sourceTree = "<group>";
		};
		9329248E1A7CEA370082E087 /* FendOffTests */ = {
			isa = PBXGroup;
			children = (
				932924911A7CEA370082E087 /* FendOffTests.m */,
				9329248F1A7CEA370082E087 /* Supporting Files */,
			);
			path = FendOffTests;
			sourceTree = "<group>";
		};
		9329248F1A7CEA370082E087 /* Supporting Files */ = {
			isa = PBXGroup;
			children = (
				932924901A7CEA370082E087 /* Info.plist */,
			);
			name = "Supporting Files";
			sourceTree = "<group>";
		};
		9329249B1A7CEA530082E087 /* VSEM */ = {
			isa = PBXGroup;
			children = (
				9329249C1A7CEA730082E087 /* Rand1.h */,
				9329249D1A7CEA730082E087 /* Rand1.m */,
				9329249E1A7CEA730082E087 /* Rand2.h */,
				9329249F1A7CEA730082E087 /* Rand2.m */,
				932924A01A7CEA730082E087 /* Vsem1.h */,
				932924A11A7CEA730082E087 /* Vsem1.m */,
			);
			name = VSEM;
			sourceTree = "<group>";
		};
		936590E71A98C30B00AFBB12 /* SVProgressHUD */ = {
			isa = PBXGroup;
			children = (
				936590E81A98C30B00AFBB12 /* SVIndefiniteAnimatedView.h */,
				936590E91A98C30B00AFBB12 /* SVIndefiniteAnimatedView.m */,
				936590EA1A98C30B00AFBB12 /* SVProgressHUD-Prefix.pch */,
				936590EB1A98C30B00AFBB12 /* SVProgressHUD.bundle */,
				936590EC1A98C30B00AFBB12 /* SVProgressHUD.h */,
				936590ED1A98C30B00AFBB12 /* SVProgressHUD.m */,
			);
			path = SVProgressHUD;
			sourceTree = "<group>";
		};
/* End PBXGroup section */

/* Begin PBXNativeTarget section */
		932924711A7CEA370082E087 /* FendOff */ = {
			isa = PBXNativeTarget;
			buildConfigurationList = 932924951A7CEA370082E087 /* Build configuration list for PBXNativeTarget "FendOff" */;
			buildPhases = (
				9329246E1A7CEA370082E087 /* Sources */,
				9329246F1A7CEA370082E087 /* Frameworks */,
				932924701A7CEA370082E087 /* Resources */,
			);
			buildRules = (
			);
			dependencies = (
			);
			name = FendOff;
			productName = FendOff;
			productReference = 932924721A7CEA370082E087 /* FendOff.app */;
			productType = "com.apple.product-type.application";
		};
		9329248A1A7CEA370082E087 /* FendOffTests */ = {
			isa = PBXNativeTarget;
			buildConfigurationList = 932924981A7CEA370082E087 /* Build configuration list for PBXNativeTarget "FendOffTests" */;
			buildPhases = (
				932924871A7CEA370082E087 /* Sources */,
				932924881A7CEA370082E087 /* Frameworks */,
				932924891A7CEA370082E087 /* Resources */,
			);
			buildRules = (
			);
			dependencies = (
				9329248D1A7CEA370082E087 /* PBXTargetDependency */,
			);
			name = FendOffTests;
			productName = FendOffTests;
			productReference = 9329248B1A7CEA370082E087 /* FendOffTests.xctest */;
			productType = "com.apple.product-type.bundle.unit-test";
		};
/* End PBXNativeTarget section */

/* Begin PBXProject section */
		9329246A1A7CEA370082E087 /* Project object */ = {
			isa = PBXProject;
			attributes = {
				LastUpgradeCheck = 0600;
				ORGANIZATIONNAME = Softberry;
				TargetAttributes = {
					932924711A7CEA370082E087 = {
						CreatedOnToolsVersion = 6.0.1;
						DevelopmentTeam = MR78697JYT;
					};
					9329248A1A7CEA370082E087 = {
						CreatedOnToolsVersion = 6.0.1;
						TestTargetID = 932924711A7CEA370082E087;
					};
				};
			};
			buildConfigurationList = 9329246D1A7CEA370082E087 /* Build configuration list for PBXProject "FendOff" */;
			compatibilityVersion = "Xcode 3.2";
			developmentRegion = English;
			hasScannedForEncodings = 0;
			knownRegions = (
				en,
				Base,
			);
			mainGroup = 932924691A7CEA370082E087;
			productRefGroup = 932924731A7CEA370082E087 /* Products */;
			projectDirPath = "";
			projectRoot = "";
			targets = (
				932924711A7CEA370082E087 /* FendOff */,
				9329248A1A7CEA370082E087 /* FendOffTests */,
			);
		};
/* End PBXProject section */

/* Begin PBXResourcesBuildPhase section */
		932924701A7CEA370082E087 /* Resources */ = {
			isa = PBXResourcesBuildPhase;
			buildActionMask = 2147483647;
			files = (
				932924DC1A7E158E0082E087 /* Main.storyboard in Resources */,
				932924861A7CEA370082E087 /* LaunchScreen.xib in Resources */,
				932924831A7CEA370082E087 /* Images.xcassets in Resources */,
				936590EF1A98C30B00AFBB12 /* SVProgressHUD.bundle in Resources */,
			);
			runOnlyForDeploymentPostprocessing = 0;
		};
		932924891A7CEA370082E087 /* Resources */ = {
			isa = PBXResourcesBuildPhase;
			buildActionMask = 2147483647;
			files = (
			);
			runOnlyForDeploymentPostprocessing = 0;
		};
/* End PBXResourcesBuildPhase section */

/* Begin PBXSourcesBuildPhase section */
		9329246E1A7CEA370082E087 /* Sources */ = {
			isa = PBXSourcesBuildPhase;
			buildActionMask = 2147483647;
			files = (
				937F63B21A87644400EA238D /* VaultController.m in Sources */,
				932924A41A7CEA730082E087 /* Vsem1.m in Sources */,
				936A46C51A95E0C40009D225 /* SettingsController.m in Sources */,
				932924A21A7CEA730082E087 /* Rand1.m in Sources */,
				9329247E1A7CEA370082E087 /* ViewController.m in Sources */,
				936590F01A98C30B00AFBB12 /* SVProgressHUD.m in Sources */,
				936590E11A95FED100AFBB12 /* EntryController.m in Sources */,
				936590EE1A98C30B00AFBB12 /* SVIndefiniteAnimatedView.m in Sources */,
				93FAFE491A84E9E8002547D8 /* PhotoController.m in Sources */,
				937F63B51A87646500EA238D /* OpenVaultController.m in Sources */,
				932924A31A7CEA730082E087 /* Rand2.m in Sources */,
				9329247B1A7CEA370082E087 /* AppDelegate.m in Sources */,
				936590E61A95FF4A00AFBB12 /* CategoryEntry.m in Sources */,
				93FAFE461A84E448002547D8 /* DecryptController.m in Sources */,
				932924781A7CEA370082E087 /* main.m in Sources */,
				937F63B81A8776BB00EA238D /* VaultCategory.m in Sources */,
				93FBA0E11A836F8200172105 /* EncryptController.m in Sources */,
				937F63BB1A8FAD9900EA238D /* EncryptedEntry.m in Sources */,
			);
			runOnlyForDeploymentPostprocessing = 0;
		};
		932924871A7CEA370082E087 /* Sources */ = {
			isa = PBXSourcesBuildPhase;
			buildActionMask = 2147483647;
			files = (
				932924921A7CEA370082E087 /* FendOffTests.m in Sources */,
			);
			runOnlyForDeploymentPostprocessing = 0;
		};
/* End PBXSourcesBuildPhase section */

/* Begin PBXTargetDependency section */
		9329248D1A7CEA370082E087 /* PBXTargetDependency */ = {
			isa = PBXTargetDependency;
			target = 932924711A7CEA370082E087 /* FendOff */;
			targetProxy = 9329248C1A7CEA370082E087 /* PBXContainerItemProxy */;
		};
/* End PBXTargetDependency section */

/* Begin PBXVariantGroup section */
		932924841A7CEA370082E087 /* LaunchScreen.xib */ = {
			isa = PBXVariantGroup;
			children = (
				932924851A7CEA370082E087 /* Base */,
			);
			name = LaunchScreen.xib;
			sourceTree = "<group>";
		};
		932924DA1A7E158E0082E087 /* Main.storyboard */ = {
			isa = PBXVariantGroup;
			children = (
				932924DB1A7E158E0082E087 /* Base */,
			);
			name = Main.storyboard;
			sourceTree = "<group>";
		};
/* End PBXVariantGroup section */

/* Begin XCBuildConfiguration section */
		932924931A7CEA370082E087 /* Debug */ = {
			isa = XCBuildConfiguration;
			buildSettings = {
				ALWAYS_SEARCH_USER_PATHS = NO;
				CLANG_CXX_LANGUAGE_STANDARD = "gnu++0x";
				CLANG_CXX_LIBRARY = "libc++";
				CLANG_ENABLE_MODULES = YES;
				CLANG_ENABLE_OBJC_ARC = YES;
				CLANG_WARN_BOOL_CONVERSION = YES;
				CLANG_WARN_CONSTANT_CONVERSION = YES;
				CLANG_WARN_DIRECT_OBJC_ISA_USAGE = YES_ERROR;
				CLANG_WARN_EMPTY_BODY = YES;
				CLANG_WARN_ENUM_CONVERSION = YES;
				CLANG_WARN_INT_CONVERSION = YES;
				CLANG_WARN_OBJC_ROOT_CLASS = YES_ERROR;
				CLANG_WARN_UNREACHABLE_CODE = YES;
				CLANG_WARN__DUPLICATE_METHOD_MATCH = YES;
				"CODE_SIGN_IDENTITY[sdk=iphoneos*]" = "iPhone Developer";
				COPY_PHASE_STRIP = NO;
				ENABLE_STRICT_OBJC_MSGSEND = YES;
				GCC_C_LANGUAGE_STANDARD = gnu99;
				GCC_DYNAMIC_NO_PIC = NO;
				GCC_OPTIMIZATION_LEVEL = 0;
				GCC_PREPROCESSOR_DEFINITIONS = (
					"DEBUG=1",
					"$(inherited)",
				);
				GCC_SYMBOLS_PRIVATE_EXTERN = NO;
				GCC_WARN_64_TO_32_BIT_CONVERSION = YES;
				GCC_WARN_ABOUT_RETURN_TYPE = YES_ERROR;
				GCC_WARN_UNDECLARED_SELECTOR = YES;
				GCC_WARN_UNINITIALIZED_AUTOS = YES_AGGRESSIVE;
				GCC_WARN_UNUSED_FUNCTION = YES;
				GCC_WARN_UNUSED_VARIABLE = YES;
				IPHONEOS_DEPLOYMENT_TARGET = 8.0;
				MTL_ENABLE_DEBUG_INFO = YES;
				ONLY_ACTIVE_ARCH = YES;
				SDKROOT = iphoneos;
			};
			name = Debug;
		};
		932924941A7CEA370082E087 /* Release */ = {
			isa = XCBuildConfiguration;
			buildSettings = {
				ALWAYS_SEARCH_USER_PATHS = NO;
				CLANG_CXX_LANGUAGE_STANDARD = "gnu++0x";
				CLANG_CXX_LIBRARY = "libc++";
				CLANG_ENABLE_MODULES = YES;
				CLANG_ENABLE_OBJC_ARC = YES;
				CLANG_WARN_BOOL_CONVERSION = YES;
				CLANG_WARN_CONSTANT_CONVERSION = YES;
				CLANG_WARN_DIRECT_OBJC_ISA_USAGE = YES_ERROR;
				CLANG_WARN_EMPTY_BODY = YES;
				CLANG_WARN_ENUM_CONVERSION = YES;
				CLANG_WARN_INT_CONVERSION = YES;
				CLANG_WARN_OBJC_ROOT_CLASS = YES_ERROR;
				CLANG_WARN_UNREACHABLE_CODE = YES;
				CLANG_WARN__DUPLICATE_METHOD_MATCH = YES;
				"CODE_SIGN_IDENTITY[sdk=iphoneos*]" = "iPhone Developer";
				COPY_PHASE_STRIP = YES;
				ENABLE_NS_ASSERTIONS = NO;
				ENABLE_STRICT_OBJC_MSGSEND = YES;
				GCC_C_LANGUAGE_STANDARD = gnu99;
				GCC_WARN_64_TO_32_BIT_CONVERSION = YES;
				GCC_WARN_ABOUT_RETURN_TYPE = YES_ERROR;
				GCC_WARN_UNDECLARED_SELECTOR = YES;
				GCC_WARN_UNINITIALIZED_AUTOS = YES_AGGRESSIVE;
				GCC_WARN_UNUSED_FUNCTION = YES;
				GCC_WARN_UNUSED_VARIABLE = YES;
				IPHONEOS_DEPLOYMENT_TARGET = 8.0;
				MTL_ENABLE_DEBUG_INFO = NO;
				SDKROOT = iphoneos;
				VALIDATE_PRODUCT = YES;
			};
			name = Release;
		};
		932924961A7CEA370082E087 /* Debug */ = {
			isa = XCBuildConfiguration;
			buildSettings = {
				ASSETCATALOG_COMPILER_APPICON_NAME = AppIcon;
				ASSETCATALOG_COMPILER_LAUNCHIMAGE_NAME = LaunchImage;
				CODE_SIGN_IDENTITY = "iPhone Developer";
				"CODE_SIGN_IDENTITY[sdk=iphoneos*]" = "iPhone Developer";
				INFOPLIST_FILE = FendOff/Info.plist;
				IPHONEOS_DEPLOYMENT_TARGET = 7.1;
				LD_RUNPATH_SEARCH_PATHS = "$(inherited) @executable_path/Frameworks";
				PRODUCT_NAME = "$(TARGET_NAME)";
				PROVISIONING_PROFILE = "";
			};
			name = Debug;
		};
		932924971A7CEA370082E087 /* Release */ = {
			isa = XCBuildConfiguration;
			buildSettings = {
				ASSETCATALOG_COMPILER_APPICON_NAME = AppIcon;
				ASSETCATALOG_COMPILER_LAUNCHIMAGE_NAME = LaunchImage;
				CODE_SIGN_IDENTITY = "iPhone Developer";
				"CODE_SIGN_IDENTITY[sdk=iphoneos*]" = "iPhone Developer";
				INFOPLIST_FILE = FendOff/Info.plist;
				IPHONEOS_DEPLOYMENT_TARGET = 7.1;
				LD_RUNPATH_SEARCH_PATHS = "$(inherited) @executable_path/Frameworks";
				PRODUCT_NAME = "$(TARGET_NAME)";
				PROVISIONING_PROFILE = "";
			};
			name = Release;
		};
		932924991A7CEA370082E087 /* Debug */ = {
			isa = XCBuildConfiguration;
			buildSettings = {
				BUNDLE_LOADER = "$(TEST_HOST)";
				FRAMEWORK_SEARCH_PATHS = (
					"$(SDKROOT)/Developer/Library/Frameworks",
					"$(inherited)",
				);
				GCC_PREPROCESSOR_DEFINITIONS = (
					"DEBUG=1",
					"$(inherited)",
				);
				INFOPLIST_FILE = FendOffTests/Info.plist;
				LD_RUNPATH_SEARCH_PATHS = "$(inherited) @executable_path/Frameworks @loader_path/Frameworks";
				PRODUCT_NAME = "$(TARGET_NAME)";
				TEST_HOST = "$(BUILT_PRODUCTS_DIR)/FendOff.app/FendOff";
			};
			name = Debug;
		};
		9329249A1A7CEA370082E087 /* Release */ = {
			isa = XCBuildConfiguration;
			buildSettings = {
				BUNDLE_LOADER = "$(TEST_HOST)";
				FRAMEWORK_SEARCH_PATHS = (
					"$(SDKROOT)/Developer/Library/Frameworks",
					"$(inherited)",
				);
				INFOPLIST_FILE = FendOffTests/Info.plist;
				LD_RUNPATH_SEARCH_PATHS = "$(inherited) @executable_path/Frameworks @loader_path/Frameworks";
				PRODUCT_NAME = "$(TARGET_NAME)";
				TEST_HOST = "$(BUILT_PRODUCTS_DIR)/FendOff.app/FendOff";
			};
			name = Release;
		};
/* End XCBuildConfiguration section */

/* Begin XCConfigurationList section */
		9329246D1A7CEA370082E087 /* Build configuration list for PBXProject "FendOff" */ = {
			isa = XCConfigurationList;
			buildConfigurations = (
				932924931A7CEA370082E087 /* Debug */,
				932924941A7CEA370082E087 /* Release */,
			);
			defaultConfigurationIsVisible = 0;
			defaultConfigurationName = Release;
		};
		932924951A7CEA370082E087 /* Build configuration list for PBXNativeTarget "FendOff" */ = {
			isa = XCConfigurationList;
			buildConfigurations = (
				932924961A7CEA370082E087 /* Debug */,
				932924971A7CEA370082E087 /* Release */,
			);
			defaultConfigurationIsVisible = 0;
			defaultConfigurationName = Release;
		};
		932924981A7CEA370082E087 /* Build configuration list for PBXNativeTarget "FendOffTests" */ = {
			isa = XCConfigurationList;
			buildConfigurations = (
				932924991A7CEA370082E087 /* Debug */,
				9329249A1A7CEA370082E087 /* Release */,
			);
			defaultConfigurationIsVisible = 0;
			defaultConfigurationName = Release;
		};
/* End XCConfigurationList section */
	};
	rootObject = 9329246A1A7CEA370082E087 /* Project object */;
}
